
Microsoft Visual Studio Solution File, Format Version 12.00
# Visual Studio 15
VisualStudioVersion = 15.0.26124.0
MinimumVisualStudioVersion = 15.0.26124.0
Project("{2150E333-8FDC-42A3-9474-1A3956D46DE8}") = "src", "src", "{90976024-28FA-440E-849A-04B728F2839C}"
EndProject
Project("{FAE04EC0-301F-11D3-BF4B-00C04F79EFBC}") = "Floren.Api", "src\Floren.Api\Floren.Api.csproj", "{63BABA12-12DD-44C4-BAD4-D102DE7E4354}"
EndProject
Project("{FAE04EC0-301F-11D3-BF4B-00C04F79EFBC}") = "Floren.Data", "src\Floren.Data\Floren.Data.csproj", "{929555A2-7CC7-475D-B9E4-BE0ABBC41B38}"
EndProject
Project("{FAE04EC0-301F-11D3-BF4B-00C04F79EFBC}") = "Floren.Domain", "src\Floren.Domain\Floren.Domain.csproj", "{8F44C2C1-4945-4863-BD4F-160E4B4C17AB}"
EndProject
Project("{FAE04EC0-301F-11D3-BF4B-00C04F79EFBC}") = "Floren.Injection", "src\Floren.Injection\Floren.Injection.csproj", "{944FF8F4-F3D7-4B68-B39E-71D90D8184FD}"
EndProject
Project("{FAE04EC0-301F-11D3-BF4B-00C04F79EFBC}") = "Floren.Services", "src\Floren.Services\Floren.Services.csproj", "{ACFE2422-AB88-4E79-9C89-4BF2892A1116}"
EndProject
Global
	GlobalSection(SolutionConfigurationPlatforms) = preSolution
		Debug|Any CPU = Debug|Any CPU
		Debug|x64 = Debug|x64
		Debug|x86 = Debug|x86
		Release|Any CPU = Release|Any CPU
		Release|x64 = Release|x64
		Release|x86 = Release|x86
	EndGlobalSection
	GlobalSection(SolutionProperties) = preSolution
		HideSolutionNode = FALSE
	EndGlobalSection
	GlobalSection(ProjectConfigurationPlatforms) = postSolution
		{DEC2550A-93D5-4CA5-A060-616C6E89381E}.Debug|Any CPU.ActiveCfg = Debug|Any CPU
		{DEC2550A-93D5-4CA5-A060-616C6E89381E}.Debug|Any CPU.Build.0 = Debug|Any CPU
		{DEC2550A-93D5-4CA5-A060-616C6E89381E}.Debug|x64.ActiveCfg = Debug|Any CPU
		{DEC2550A-93D5-4CA5-A060-616C6E89381E}.Debug|x64.Build.0 = Debug|Any CPU
		{DEC2550A-93D5-4CA5-A060-616C6E89381E}.Debug|x86.ActiveCfg = Debug|Any CPU
		{DEC2550A-93D5-4CA5-A060-616C6E89381E}.Debug|x86.Build.0 = Debug|Any CPU
		{DEC2550A-93D5-4CA5-A060-616C6E89381E}.Release|Any CPU.ActiveCfg = Release|Any CPU
		{DEC2550A-93D5-4CA5-A060-616C6E89381E}.Release|Any CPU.Build.0 = Release|Any CPU
		{DEC2550A-93D5-4CA5-A060-616C6E89381E}.Release|x64.ActiveCfg = Release|Any CPU
		{DEC2550A-93D5-4CA5-A060-616C6E89381E}.Release|x64.Build.0 = Release|Any CPU
		{DEC2550A-93D5-4CA5-A060-616C6E89381E}.Release|x86.ActiveCfg = Release|Any CPU
		{DEC2550A-93D5-4CA5-A060-616C6E89381E}.Release|x86.Build.0 = Release|Any CPU
		{BF10729F-FBDA-41CB-B87F-2797EC45C185}.Debug|Any CPU.ActiveCfg = Debug|Any CPU
		{BF10729F-FBDA-41CB-B87F-2797EC45C185}.Debug|Any CPU.Build.0 = Debug|Any CPU
		{BF10729F-FBDA-41CB-B87F-2797EC45C185}.Debug|x64.ActiveCfg = Debug|Any CPU
		{BF10729F-FBDA-41CB-B87F-2797EC45C185}.Debug|x64.Build.0 = Debug|Any CPU
		{BF10729F-FBDA-41CB-B87F-2797EC45C185}.Debug|x86.ActiveCfg = Debug|Any CPU
		{BF10729F-FBDA-41CB-B87F-2797EC45C185}.Debug|x86.Build.0 = Debug|Any CPU
		{BF10729F-FBDA-41CB-B87F-2797EC45C185}.Release|Any CPU.ActiveCfg = Release|Any CPU
		{BF10729F-FBDA-41CB-B87F-2797EC45C185}.Release|Any CPU.Build.0 = Release|Any CPU
		{BF10729F-FBDA-41CB-B87F-2797EC45C185}.Release|x64.ActiveCfg = Release|Any CPU
		{BF10729F-FBDA-41CB-B87F-2797EC45C185}.Release|x64.Build.0 = Release|Any CPU
		{BF10729F-FBDA-41CB-B87F-2797EC45C185}.Release|x86.ActiveCfg = Release|Any CPU
		{BF10729F-FBDA-41CB-B87F-2797EC45C185}.Release|x86.Build.0 = Release|Any CPU
		{FBD0E69A-8EA9-46CE-9318-527ED507360C}.Debug|Any CPU.ActiveCfg = Debug|Any CPU
		{FBD0E69A-8EA9-46CE-9318-527ED507360C}.Debug|Any CPU.Build.0 = Debug|Any CPU
		{FBD0E69A-8EA9-46CE-9318-527ED507360C}.Debug|x64.ActiveCfg = Debug|Any CPU
		{FBD0E69A-8EA9-46CE-9318-527ED507360C}.Debug|x64.Build.0 = Debug|Any CPU
		{FBD0E69A-8EA9-46CE-9318-527ED507360C}.Debug|x86.ActiveCfg = Debug|Any CPU
		{FBD0E69A-8EA9-46CE-9318-527ED507360C}.Debug|x86.Build.0 = Debug|Any CPU
		{FBD0E69A-8EA9-46CE-9318-527ED507360C}.Release|Any CPU.ActiveCfg = Release|Any CPU
		{FBD0E69A-8EA9-46CE-9318-527ED507360C}.Release|Any CPU.Build.0 = Release|Any CPU
		{FBD0E69A-8EA9-46CE-9318-527ED507360C}.Release|x64.ActiveCfg = Release|Any CPU
		{FBD0E69A-8EA9-46CE-9318-527ED507360C}.Release|x64.Build.0 = Release|Any CPU
		{FBD0E69A-8EA9-46CE-9318-527ED507360C}.Release|x86.ActiveCfg = Release|Any CPU
		{FBD0E69A-8EA9-46CE-9318-527ED507360C}.Release|x86.Build.0 = Release|Any CPU
		{22DBE3A2-916A-4BF0-8898-A1D01C56987D}.Debug|Any CPU.ActiveCfg = Debug|Any CPU
		{22DBE3A2-916A-4BF0-8898-A1D01C56987D}.Debug|Any CPU.Build.0 = Debug|Any CPU
		{22DBE3A2-916A-4BF0-8898-A1D01C56987D}.Debug|x64.ActiveCfg = Debug|Any CPU
		{22DBE3A2-916A-4BF0-8898-A1D01C56987D}.Debug|x64.Build.0 = Debug|Any CPU
		{22DBE3A2-916A-4BF0-8898-A1D01C56987D}.Debug|x86.ActiveCfg = Debug|Any CPU
		{22DBE3A2-916A-4BF0-8898-A1D01C56987D}.Debug|x86.Build.0 = Debug|Any CPU
		{22DBE3A2-916A-4BF0-8898-A1D01C56987D}.Release|Any CPU.ActiveCfg = Release|Any CPU
		{22DBE3A2-916A-4BF0-8898-A1D01C56987D}.Release|Any CPU.Build.0 = Release|Any CPU
		{22DBE3A2-916A-4BF0-8898-A1D01C56987D}.Release|x64.ActiveCfg = Release|Any CPU
		{22DBE3A2-916A-4BF0-8898-A1D01C56987D}.Release|x64.Build.0 = Release|Any CPU
		{22DBE3A2-916A-4BF0-8898-A1D01C56987D}.Release|x86.ActiveCfg = Release|Any CPU
		{22DBE3A2-916A-4BF0-8898-A1D01C56987D}.Release|x86.Build.0 = Release|Any CPU
		{63BABA12-12DD-44C4-BAD4-D102DE7E4354}.Debug|Any CPU.ActiveCfg = Debug|Any CPU
		{63BABA12-12DD-44C4-BAD4-D102DE7E4354}.Debug|Any CPU.Build.0 = Debug|Any CPU
		{63BABA12-12DD-44C4-BAD4-D102DE7E4354}.Debug|x64.ActiveCfg = Debug|Any CPU
		{63BABA12-12DD-44C4-BAD4-D102DE7E4354}.Debug|x64.Build.0 = Debug|Any CPU
		{63BABA12-12DD-44C4-BAD4-D102DE7E4354}.Debug|x86.ActiveCfg = Debug|Any CPU
		{63BABA12-12DD-44C4-BAD4-D102DE7E4354}.Debug|x86.Build.0 = Debug|Any CPU
		{63BABA12-12DD-44C4-BAD4-D102DE7E4354}.Release|Any CPU.ActiveCfg = Release|Any CPU
		{63BABA12-12DD-44C4-BAD4-D102DE7E4354}.Release|Any CPU.Build.0 = Release|Any CPU
		{63BABA12-12DD-44C4-BAD4-D102DE7E4354}.Release|x64.ActiveCfg = Release|Any CPU
		{63BABA12-12DD-44C4-BAD4-D102DE7E4354}.Release|x64.Build.0 = Release|Any CPU
		{63BABA12-12DD-44C4-BAD4-D102DE7E4354}.Release|x86.ActiveCfg = Release|Any CPU
		{63BABA12-12DD-44C4-BAD4-D102DE7E4354}.Release|x86.Build.0 = Release|Any CPU
		{929555A2-7CC7-475D-B9E4-BE0ABBC41B38}.Debug|Any CPU.ActiveCfg = Debug|Any CPU
		{929555A2-7CC7-475D-B9E4-BE0ABBC41B38}.Debug|Any CPU.Build.0 = Debug|Any CPU
		{929555A2-7CC7-475D-B9E4-BE0ABBC41B38}.Debug|x64.ActiveCfg = Debug|Any CPU
		{929555A2-7CC7-475D-B9E4-BE0ABBC41B38}.Debug|x64.Build.0 = Debug|Any CPU
		{929555A2-7CC7-475D-B9E4-BE0ABBC41B38}.Debug|x86.ActiveCfg = Debug|Any CPU
		{929555A2-7CC7-475D-B9E4-BE0ABBC41B38}.Debug|x86.Build.0 = Debug|Any CPU
		{929555A2-7CC7-475D-B9E4-BE0ABBC41B38}.Release|Any CPU.ActiveCfg = Release|Any CPU
		{929555A2-7CC7-475D-B9E4-BE0ABBC41B38}.Release|Any CPU.Build.0 = Release|Any CPU
		{929555A2-7CC7-475D-B9E4-BE0ABBC41B38}.Release|x64.ActiveCfg = Release|Any CPU
		{929555A2-7CC7-475D-B9E4-BE0ABBC41B38}.Release|x64.Build.0 = Release|Any CPU
		{929555A2-7CC7-475D-B9E4-BE0ABBC41B38}.Release|x86.ActiveCfg = Release|Any CPU
		{929555A2-7CC7-475D-B9E4-BE0ABBC41B38}.Release|x86.Build.0 = Release|Any CPU
		{8F44C2C1-4945-4863-BD4F-160E4B4C17AB}.Debug|Any CPU.ActiveCfg = Debug|Any CPU
		{8F44C2C1-4945-4863-BD4F-160E4B4C17AB}.Debug|Any CPU.Build.0 = Debug|Any CPU
		{8F44C2C1-4945-4863-BD4F-160E4B4C17AB}.Debug|x64.ActiveCfg = Debug|Any CPU
		{8F44C2C1-4945-4863-BD4F-160E4B4C17AB}.Debug|x64.Build.0 = Debug|Any CPU
		{8F44C2C1-4945-4863-BD4F-160E4B4C17AB}.Debug|x86.ActiveCfg = Debug|Any CPU
		{8F44C2C1-4945-4863-BD4F-160E4B4C17AB}.Debug|x86.Build.0 = Debug|Any CPU
		{8F44C2C1-4945-4863-BD4F-160E4B4C17AB}.Release|Any CPU.ActiveCfg = Release|Any CPU
		{8F44C2C1-4945-4863-BD4F-160E4B4C17AB}.Release|Any CPU.Build.0 = Release|Any CPU
		{8F44C2C1-4945-4863-BD4F-160E4B4C17AB}.Release|x64.ActiveCfg = Release|Any CPU
		{8F44C2C1-4945-4863-BD4F-160E4B4C17AB}.Release|x64.Build.0 = Release|Any CPU
		{8F44C2C1-4945-4863-BD4F-160E4B4C17AB}.Release|x86.ActiveCfg = Release|Any CPU
		{8F44C2C1-4945-4863-BD4F-160E4B4C17AB}.Release|x86.Build.0 = Release|Any CPU
		{944FF8F4-F3D7-4B68-B39E-71D90D8184FD}.Debug|Any CPU.ActiveCfg = Debug|Any CPU
		{944FF8F4-F3D7-4B68-B39E-71D90D8184FD}.Debug|Any CPU.Build.0 = Debug|Any CPU
		{944FF8F4-F3D7-4B68-B39E-71D90D8184FD}.Debug|x64.ActiveCfg = Debug|Any CPU
		{944FF8F4-F3D7-4B68-B39E-71D90D8184FD}.Debug|x64.Build.0 = Debug|Any CPU
		{944FF8F4-F3D7-4B68-B39E-71D90D8184FD}.Debug|x86.ActiveCfg = Debug|Any CPU
		{944FF8F4-F3D7-4B68-B39E-71D90D8184FD}.Debug|x86.Build.0 = Debug|Any CPU
		{944FF8F4-F3D7-4B68-B39E-71D90D8184FD}.Release|Any CPU.ActiveCfg = Release|Any CPU
		{944FF8F4-F3D7-4B68-B39E-71D90D8184FD}.Release|Any CPU.Build.0 = Release|Any CPU
		{944FF8F4-F3D7-4B68-B39E-71D90D8184FD}.Release|x64.ActiveCfg = Release|Any CPU
		{944FF8F4-F3D7-4B68-B39E-71D90D8184FD}.Release|x64.Build.0 = Release|Any CPU
		{944FF8F4-F3D7-4B68-B39E-71D90D8184FD}.Release|x86.ActiveCfg = Release|Any CPU
		{944FF8F4-F3D7-4B68-B39E-71D90D8184FD}.Release|x86.Build.0 = Release|Any CPU
		{ACFE2422-AB88-4E79-9C89-4BF2892A1116}.Debug|Any CPU.ActiveCfg = Debug|Any CPU
		{ACFE2422-AB88-4E79-9C89-4BF2892A1116}.Debug|Any CPU.Build.0 = Debug|Any CPU
		{ACFE2422-AB88-4E79-9C89-4BF2892A1116}.Debug|x64.ActiveCfg = Debug|Any CPU
		{ACFE2422-AB88-4E79-9C89-4BF2892A1116}.Debug|x64.Build.0 = Debug|Any CPU
		{ACFE2422-AB88-4E79-9C89-4BF2892A1116}.Debug|x86.ActiveCfg = Debug|Any CPU
		{ACFE2422-AB88-4E79-9C89-4BF2892A1116}.Debug|x86.Build.0 = Debug|Any CPU
		{ACFE2422-AB88-4E79-9C89-4BF2892A1116}.Release|Any CPU.ActiveCfg = Release|Any CPU
		{ACFE2422-AB88-4E79-9C89-4BF2892A1116}.Release|Any CPU.Build.0 = Release|Any CPU
		{ACFE2422-AB88-4E79-9C89-4BF2892A1116}.Release|x64.ActiveCfg = Release|Any CPU
		{ACFE2422-AB88-4E79-9C89-4BF2892A1116}.Release|x64.Build.0 = Release|Any CPU
		{ACFE2422-AB88-4E79-9C89-4BF2892A1116}.Release|x86.ActiveCfg = Release|Any CPU
		{ACFE2422-AB88-4E79-9C89-4BF2892A1116}.Release|x86.Build.0 = Release|Any CPU
	EndGlobalSection
	GlobalSection(NestedProjects) = preSolution
		{ACFE2422-AB88-4E79-9C89-4BF2892A1116} = {90976024-28FA-440E-849A-04B728F2839C}
	EndGlobalSection
EndGlobal
